{
  "version": 1,
  "dependencies": {
    ".NETCoreApp,Version=v3.1": {
      "Microsoft.AspNetCore.Mvc.NewtonsoftJson": {
        "type": "Direct",
        "requested": "[3.1.20, )",
        "resolved": "3.1.20",
        "contentHash": "QZx3UYnUwFIxajOEpYu5CgXRiZIgz3ytGmRS4GEXIByDuJqCRJcoVudDsbX/LcaK0gysY0VmR7e8kevFMjPyHA==",
        "dependencies": {
          "Microsoft.AspNetCore.JsonPatch": "3.1.20",
          "Newtonsoft.Json": "12.0.2",
          "Newtonsoft.Json.Bson": "1.0.2"
        }
      },
      "Microsoft.Azure.WebJobs": {
        "type": "Direct",
        "requested": "[3.0.37, )",
        "resolved": "3.0.37",
        "contentHash": "cB8ExO360UeFprY4GAuumLhg35krY56LriAAE8kNkckxFQlEIZwQ5lMsOFU0cRwUcvFajLMdALllKF2PgYJRkA==",
        "dependencies": {
          "Microsoft.Azure.WebJobs.Core": "3.0.37",
          "Microsoft.Extensions.Configuration": "2.1.1",
          "Microsoft.Extensions.Configuration.Abstractions": "2.1.1",
          "Microsoft.Extensions.Configuration.EnvironmentVariables": "2.1.0",
          "Microsoft.Extensions.Configuration.Json": "2.1.0",
          "Microsoft.Extensions.Hosting": "2.1.0",
          "Microsoft.Extensions.Logging": "2.1.1",
          "Microsoft.Extensions.Logging.Abstractions": "2.1.1",
          "Microsoft.Extensions.Logging.Configuration": "2.1.0",
          "Newtonsoft.Json": "13.0.1",
          "System.Memory.Data": "1.0.2",
          "System.Threading.Tasks.Dataflow": "4.8.0"
        }
      },
      "Microsoft.SourceLink.GitHub": {
        "type": "Direct",
        "requested": "[1.1.1, )",
        "resolved": "1.1.1",
        "contentHash": "IaJGnOv/M7UQjRJks7B6p7pbPnOwisYGOIzqCz5ilGFTApZ3ktOR+6zJ12ZRPInulBmdAf1SrGdDG2MU8g6XTw==",
        "dependencies": {
          "Microsoft.Build.Tasks.Git": "1.1.1",
          "Microsoft.SourceLink.Common": "1.1.1"
        }
      },
      "Microsoft.AspNetCore.JsonPatch": {
        "type": "Transitive",
        "resolved": "3.1.20",
        "contentHash": "6CfgfUGwM2egAi/8ECUW1Gvf4O/7fN/JqC1GpX28s9V8qqRsEfgPFgFrgYLdBexLVZ1knJv1X9efG440gV4N3w==",
        "dependencies": {
          "Microsoft.CSharp": "4.7.0",
          "Newtonsoft.Json": "12.0.2"
        }
      },
      "Microsoft.Azure.WebJobs.Core": {
        "type": "Transitive",
        "resolved": "3.0.37",
        "contentHash": "nKlnoQyKmC5HsUIWLXu3a9VYhLKAAriZQ8v3PLldWKjV1vIQMiHKGK68FbLjRtvZsxCnIYS44gLlQjuOua//dg==",
        "dependencies": {
          "System.ComponentModel.Annotations": "4.4.0",
          "System.Diagnostics.TraceSource": "4.3.0",
          "System.Memory.Data": "1.0.1"
        }
      },
      "Microsoft.Build.Tasks.Git": {
        "type": "Transitive",
        "resolved": "1.1.1",
        "contentHash": "AT3HlgTjsqHnWpBHSNeR0KxbLZD7bztlZVj7I8vgeYG9SYqbeFGh0TM/KVtC6fg53nrWHl3VfZFvb5BiQFcY6Q=="
      },
      "Microsoft.CSharp": {
        "type": "Transitive",
        "resolved": "4.7.0",
        "contentHash": "pTj+D3uJWyN3My70i2Hqo+OXixq3Os2D1nJ2x92FFo6sk8fYS1m1WLNTs0Dc1uPaViH0YvEEwvzddQ7y4rhXmA=="
      },
      "Microsoft.Extensions.Configuration": {
        "type": "Transitive",
        "resolved": "2.1.1",
        "contentHash": "LjVKO6P2y52c5ZhTLX/w8zc5H4Y3J/LJsgqTBj49TtFq/hAtVNue/WA0F6/7GMY90xhD7K0MDZ4qpOeWXbLvzg==",
        "dependencies": {
          "Microsoft.Extensions.Configuration.Abstractions": "2.1.1"
        }
      },
      "Microsoft.Extensions.Configuration.Abstractions": {
        "type": "Transitive",
        "resolved": "2.1.1",
        "contentHash": "VfuZJNa0WUshZ/+8BFZAhwFKiKuu/qOUCFntfdLpHj7vcRnsGHqd3G2Hse78DM+pgozczGM63lGPRLmy+uhUOA==",
        "dependencies": {
          "Microsoft.Extensions.Primitives": "2.1.1"
        }
      },
      "Microsoft.Extensions.Configuration.Binder": {
        "type": "Transitive",
        "resolved": "2.1.1",
        "contentHash": "fcLCTS03poWE4v9tSNBr3pWn0QwGgAn1vzqHXlXgvqZeOc7LvQNzaWcKRQZTdEc3+YhQKwMsOtm3VKSA2aWQ8w==",
        "dependencies": {
          "Microsoft.Extensions.Configuration": "2.1.1"
        }
      },
      "Microsoft.Extensions.Configuration.EnvironmentVariables": {
        "type": "Transitive",
        "resolved": "2.1.0",
        "contentHash": "fZIoU1kxy9zu4KjjabcA79jws6Fk1xmub/VQMrClVqRXZrWt9lYmyjJjw7x0KZtl+Y1hs8qDDaFDrpR1Mso6Wg==",
        "dependencies": {
          "Microsoft.Extensions.Configuration": "2.1.0"
        }
      },
      "Microsoft.Extensions.Configuration.FileExtensions": {
        "type": "Transitive",
        "resolved": "2.1.0",
        "contentHash": "xvbjRAIo2Iwxk7vsMg49RwXPOOm5rtvr0frArvlg1uviS60ouVkOLouCNvOv/eRgWYINPbHAU9p//zEjit38Og==",
        "dependencies": {
          "Microsoft.Extensions.Configuration": "2.1.0",
          "Microsoft.Extensions.FileProviders.Physical": "2.1.0"
        }
      },
      "Microsoft.Extensions.Configuration.Json": {
        "type": "Transitive",
        "resolved": "2.1.0",
        "contentHash": "9OCdAv7qiRtRlXQnECxW9zINUK8bYPKbNp5x8FQaLZbm/flv7mPvo1muZ1nsKGMZF4uL4Bl6nHw2v1fi3MqQ1Q==",
        "dependencies": {
          "Microsoft.Extensions.Configuration": "2.1.0",
          "Microsoft.Extensions.Configuration.FileExtensions": "2.1.0",
          "Newtonsoft.Json": "11.0.2"
        }
      },
      "Microsoft.Extensions.DependencyInjection": {
        "type": "Transitive",
        "resolved": "2.1.0",
        "contentHash": "gqQviLfuA31PheEGi+XJoZc1bc9H9RsPa9Gq9XuDct7XGWSR9eVXjK5Sg7CSUPhTFHSuxUFY12wcTYLZ4zM1hg==",
        "dependencies": {
          "Microsoft.Extensions.DependencyInjection.Abstractions": "2.1.0"
        }
      },
      "Microsoft.Extensions.DependencyInjection.Abstractions": {
        "type": "Transitive",
        "resolved": "2.1.1",
        "contentHash": "MgYpU5cwZohUMKKg3sbPhvGG+eAZ/59E9UwPwlrUkyXU+PGzqwZg9yyQNjhxuAWmoNoFReoemeCku50prYSGzA=="
      },
      "Microsoft.Extensions.FileProviders.Abstractions": {
        "type": "Transitive",
        "resolved": "2.1.0",
        "contentHash": "itv+7XBu58pxi8mykxx9cUO1OOVYe0jmQIZVSZVp5lOcLxB7sSV2bnHiI1RSu6Nxne/s6+oBla3ON5CCMSmwhQ==",
        "dependencies": {
          "Microsoft.Extensions.Primitives": "2.1.0"
        }
      },
      "Microsoft.Extensions.FileProviders.Physical": {
        "type": "Transitive",
        "resolved": "2.1.0",
        "contentHash": "A9xLomqD4tNFqDfleapx2C14ZcSjCTzn/4Od0W/wBYdlLF2tYDJ204e75HjpWDVTkr03kgdZbM3QZ6ZeDsrBYg==",
        "dependencies": {
          "Microsoft.Extensions.FileProviders.Abstractions": "2.1.0",
          "Microsoft.Extensions.FileSystemGlobbing": "2.1.0"
        }
      },
      "Microsoft.Extensions.FileSystemGlobbing": {
        "type": "Transitive",
        "resolved": "2.1.0",
        "contentHash": "JEwwhwbVTEXJu4W4l/FFx7FG9Fh5R8999mZl6qJImjM/LY4DxQsFYzpSkziMdY022n7TQpNUxJlH9bKZc7TqWw=="
      },
      "Microsoft.Extensions.Hosting": {
        "type": "Transitive",
        "resolved": "2.1.0",
        "contentHash": "nqOrLtBqpwRT006vdQ2Vp87uiuYztiZcZAndFqH91ZH4SQgr8wImCVQwzUgTxx1DSrpIW765+xrZTZqsoGtvqg==",
        "dependencies": {
          "Microsoft.Extensions.Configuration": "2.1.0",
          "Microsoft.Extensions.DependencyInjection": "2.1.0",
          "Microsoft.Extensions.FileProviders.Physical": "2.1.0",
          "Microsoft.Extensions.Hosting.Abstractions": "2.1.0",
          "Microsoft.Extensions.Logging": "2.1.0"
        }
      },
      "Microsoft.Extensions.Hosting.Abstractions": {
        "type": "Transitive",
        "resolved": "2.1.0",
        "contentHash": "BpMaoBxdXr5VD0yk7rYN6R8lAU9X9JbvsPveNdKT+llIn3J5s4sxpWqaSG/NnzTzTLU5eJE5nrecTl7clg/7dQ==",
        "dependencies": {
          "Microsoft.Extensions.Configuration.Abstractions": "2.1.0",
          "Microsoft.Extensions.DependencyInjection.Abstractions": "2.1.0",
          "Microsoft.Extensions.FileProviders.Abstractions": "2.1.0",
          "Microsoft.Extensions.Logging.Abstractions": "2.1.0"
        }
      },
      "Microsoft.Extensions.Logging": {
        "type": "Transitive",
        "resolved": "2.1.1",
        "contentHash": "hh+mkOAQDTp6XH80xJt3+wwYVzkbwYQl9XZRCz4Um0JjP/o7N9vHM3rZ6wwwtr+BBe/L6iBO2sz0px6OWBzqZQ==",
        "dependencies": {
          "Microsoft.Extensions.Configuration.Binder": "2.1.1",
          "Microsoft.Extensions.DependencyInjection.Abstractions": "2.1.1",
          "Microsoft.Extensions.Logging.Abstractions": "2.1.1",
          "Microsoft.Extensions.Options": "2.1.1"
        }
      },
      "Microsoft.Extensions.Logging.Abstractions": {
        "type": "Transitive",
        "resolved": "2.1.1",
        "contentHash": "XRzK7ZF+O6FzdfWrlFTi1Rgj2080ZDsd46vzOjadHUB0Cz5kOvDG8vI7caa5YFrsHQpcfn0DxtjS4E46N4FZsA=="
      },
      "Microsoft.Extensions.Logging.Configuration": {
        "type": "Transitive",
        "resolved": "2.1.0",
        "contentHash": "nMAcTACzW37zc3f7n5fIYsRDXtjjQA2U/kiE4xmuSLn7coCIeDfFTpUhJ+wG/3vwb5f1lFWNpyXGyQdlUCIXUw==",
        "dependencies": {
          "Microsoft.Extensions.Logging": "2.1.0",
          "Microsoft.Extensions.Options.ConfigurationExtensions": "2.1.0"
        }
      },
      "Microsoft.Extensions.Options": {
        "type": "Transitive",
        "resolved": "2.1.1",
        "contentHash": "V7lXCU78lAbzaulCGFKojcCyG8RTJicEbiBkPJjFqiqXwndEBBIehdXRMWEVU3UtzQ1yDvphiWUL9th6/4gJ7w==",
        "dependencies": {
          "Microsoft.Extensions.DependencyInjection.Abstractions": "2.1.1",
          "Microsoft.Extensions.Primitives": "2.1.1"
        }
      },
      "Microsoft.Extensions.Options.ConfigurationExtensions": {
        "type": "Transitive",
        "resolved": "2.1.0",
        "contentHash": "w/MP147fSqlIcCymaNpLbjdJsFVkSJM9Sz+jbWMr1gKMDVxoOS8AuFjJkVyKU/eydYxHIR/K1Hn3wisJBW5gSg==",
        "dependencies": {
          "Microsoft.Extensions.Configuration.Abstractions": "2.1.0",
          "Microsoft.Extensions.Configuration.Binder": "2.1.0",
          "Microsoft.Extensions.DependencyInjection.Abstractions": "2.1.0",
          "Microsoft.Extensions.Options": "2.1.0"
        }
      },
      "Microsoft.Extensions.Primitives": {
        "type": "Transitive",
        "resolved": "2.1.1",
        "contentHash": "scJ1GZNIxMmjpENh0UZ8XCQ6vzr/LzeF9WvEA51Ix2OQGAs9WPgPu8ABVUdvpKPLuor/t05gm6menJK3PwqOXg==",
        "dependencies": {
          "System.Memory": "4.5.1",
          "System.Runtime.CompilerServices.Unsafe": "4.5.1"
        }
      },
      "Microsoft.NETCore.Platforms": {
        "type": "Transitive",
        "resolved": "1.1.0",
        "contentHash": "kz0PEW2lhqygehI/d6XsPCQzD7ff7gUJaVGPVETX611eadGsA3A877GdSlU0LRVMCTH/+P3o2iDTak+S08V2+A=="
      },
      "Microsoft.NETCore.Targets": {
        "type": "Transitive",
        "resolved": "1.1.0",
        "contentHash": "aOZA3BWfz9RXjpzt0sRJJMjAscAUm3Hoa4UWAfceV9UTYxgwZ1lZt5nO2myFf+/jetYQo4uTP7zS8sJY67BBxg=="
      },
      "Microsoft.SourceLink.Common": {
        "type": "Transitive",
        "resolved": "1.1.1",
        "contentHash": "WMcGpWKrmJmzrNeuaEb23bEMnbtR/vLmvZtkAP5qWu7vQsY59GqfRJd65sFpBszbd2k/bQ8cs8eWawQKAabkVg=="
      },
      "Newtonsoft.Json": {
        "type": "Transitive",
        "resolved": "13.0.1",
        "contentHash": "ppPFpBcvxdsfUonNcvITKqLl3bqxWbDCZIzDWHzjpdAHRFfZe0Dw9HmA0+za13IdyrgJwpkDTDA9fHaxOrt20A=="
      },
      "Newtonsoft.Json.Bson": {
        "type": "Transitive",
        "resolved": "1.0.2",
        "contentHash": "QYFyxhaABwmq3p/21VrZNYvCg3DaEoN/wUuw5nmfAf0X3HLjgupwhkEWdgfb9nvGAUIv3osmZoD3kKl4jxEmYQ==",
        "dependencies": {
          "Newtonsoft.Json": "12.0.1"
        }
      },
      "runtime.native.System": {
        "type": "Transitive",
        "resolved": "4.3.0",
        "contentHash": "c/qWt2LieNZIj1jGnVNsE2Kl23Ya2aSTBuXMD6V7k9KWr6l16Tqdwq+hJScEpWER9753NWC8h96PaVNY5Ld7Jw==",
        "dependencies": {
          "Microsoft.NETCore.Platforms": "1.1.0",
          "Microsoft.NETCore.Targets": "1.1.0"
        }
      },
      "System.Collections": {
        "type": "Transitive",
        "resolved": "4.3.0",
        "contentHash": "3Dcj85/TBdVpL5Zr+gEEBUuFe2icOnLalmEh9hfck1PTYbbyWuZgh4fmm2ysCLTrqLQw6t3TgTyJ+VLp+Qb+Lw==",
        "dependencies": {
          "Microsoft.NETCore.Platforms": "1.1.0",
          "Microsoft.NETCore.Targets": "1.1.0",
          "System.Runtime": "4.3.0"
        }
      },
      "System.ComponentModel.Annotations": {
        "type": "Transitive",
        "resolved": "4.4.0",
        "contentHash": "29K3DQ+IGU7LBaMjTo7SI7T7X/tsMtLvz1p56LJ556Iu0Dw3pKZw5g8yCYCWMRxrOF0Hr0FU0FwW0o42y2sb3A=="
      },
      "System.Diagnostics.Debug": {
        "type": "Transitive",
        "resolved": "4.3.0",
        "contentHash": "ZUhUOdqmaG5Jk3Xdb8xi5kIyQYAA4PnTNlHx1mu9ZY3qv4ELIdKbnL/akbGaKi2RnNUWaZsAs31rvzFdewTj2g==",
        "dependencies": {
          "Microsoft.NETCore.Platforms": "1.1.0",
          "Microsoft.NETCore.Targets": "1.1.0",
          "System.Runtime": "4.3.0"
        }
      },
      "System.Diagnostics.TraceSource": {
        "type": "Transitive",
        "resolved": "4.3.0",
        "contentHash": "VnYp1NxGx8Ww731y2LJ1vpfb/DKVNKEZ8Jsh5SgQTZREL/YpWRArgh9pI8CDLmgHspZmLL697CaLvH85qQpRiw==",
        "dependencies": {
          "Microsoft.NETCore.Platforms": "1.1.0",
          "System.Collections": "4.3.0",
          "System.Diagnostics.Debug": "4.3.0",
          "System.Globalization": "4.3.0",
          "System.Resources.ResourceManager": "4.3.0",
          "System.Runtime": "4.3.0",
          "System.Runtime.Extensions": "4.3.0",
          "System.Threading": "4.3.0",
          "runtime.native.System": "4.3.0"
        }
      },
      "System.Globalization": {
        "type": "Transitive",
        "resolved": "4.3.0",
        "contentHash": "kYdVd2f2PAdFGblzFswE4hkNANJBKRmsfa2X5LG2AcWE1c7/4t0pYae1L8vfZ5xvE2nK/R9JprtToA61OSHWIg==",
        "dependencies": {
          "Microsoft.NETCore.Platforms": "1.1.0",
          "Microsoft.NETCore.Targets": "1.1.0",
          "System.Runtime": "4.3.0"
        }
      },
      "System.IO": {
        "type": "Transitive",
        "resolved": "4.3.0",
        "contentHash": "3qjaHvxQPDpSOYICjUoTsmoq5u6QJAFRUITgeT/4gqkF1bajbSmb1kwSxEA8AHlofqgcKJcM8udgieRNhaJ5Cg==",
        "dependencies": {
          "Microsoft.NETCore.Platforms": "1.1.0",
          "Microsoft.NETCore.Targets": "1.1.0",
          "System.Runtime": "4.3.0",
          "System.Text.Encoding": "4.3.0",
          "System.Threading.Tasks": "4.3.0"
        }
      },
      "System.Memory": {
        "type": "Transitive",
        "resolved": "4.5.1",
        "contentHash": "sDJYJpGtTgx+23Ayu5euxG5mAXWdkDb4+b0rD0Cab0M1oQS9H0HXGPriKcqpXuiJDTV7fTp/d+fMDJmnr6sNvA=="
      },
      "System.Memory.Data": {
        "type": "Transitive",
        "resolved": "1.0.2",
        "contentHash": "JGkzeqgBsiZwKJZ1IxPNsDFZDhUvuEdX8L8BDC8N3KOj+6zMcNU28CNN59TpZE/VJYy9cP+5M+sbxtWJx3/xtw==",
        "dependencies": {
          "System.Text.Encodings.Web": "4.7.2",
          "System.Text.Json": "4.6.0"
        }
      },
      "System.Reflection": {
        "type": "Transitive",
        "resolved": "4.3.0",
        "contentHash": "KMiAFoW7MfJGa9nDFNcfu+FpEdiHpWgTcS2HdMpDvt9saK3y/G4GwprPyzqjFH9NTaGPQeWNHU+iDlDILj96aQ==",
        "dependencies": {
          "Microsoft.NETCore.Platforms": "1.1.0",
          "Microsoft.NETCore.Targets": "1.1.0",
          "System.IO": "4.3.0",
          "System.Reflection.Primitives": "4.3.0",
          "System.Runtime": "4.3.0"
        }
      },
      "System.Reflection.Primitives": {
        "type": "Transitive",
        "resolved": "4.3.0",
        "contentHash": "5RXItQz5As4xN2/YUDxdpsEkMhvw3e6aNveFXUn4Hl/udNTCNhnKp8lT9fnc3MhvGKh1baak5CovpuQUXHAlIA==",
        "dependencies": {
          "Microsoft.NETCore.Platforms": "1.1.0",
          "Microsoft.NETCore.Targets": "1.1.0",
          "System.Runtime": "4.3.0"
        }
      },
      "System.Resources.ResourceManager": {
        "type": "Transitive",
        "resolved": "4.3.0",
        "contentHash": "/zrcPkkWdZmI4F92gL/TPumP98AVDu/Wxr3CSJGQQ+XN6wbRZcyfSKVoPo17ilb3iOr0cCRqJInGwNMolqhS8A==",
        "dependencies": {
          "Microsoft.NETCore.Platforms": "1.1.0",
          "Microsoft.NETCore.Targets": "1.1.0",
          "System.Globalization": "4.3.0",
          "System.Reflection": "4.3.0",
          "System.Runtime": "4.3.0"
        }
      },
      "System.Runtime": {
        "type": "Transitive",
        "resolved": "4.3.0",
        "contentHash": "JufQi0vPQ0xGnAczR13AUFglDyVYt4Kqnz1AZaiKZ5+GICq0/1MH/mO/eAJHt/mHW1zjKBJd7kV26SrxddAhiw==",
        "dependencies": {
          "Microsoft.NETCore.Platforms": "1.1.0",
          "Microsoft.NETCore.Targets": "1.1.0"
        }
      },
      "System.Runtime.CompilerServices.Unsafe": {
        "type": "Transitive",
        "resolved": "4.5.1",
        "contentHash": "Zh8t8oqolRaFa9vmOZfdQm/qKejdqz0J9kr7o2Fu0vPeoH3BL1EOXipKWwkWtLT1JPzjByrF19fGuFlNbmPpiw=="
      },
      "System.Runtime.Extensions": {
        "type": "Transitive",
        "resolved": "4.3.0",
        "contentHash": "guW0uK0fn5fcJJ1tJVXYd7/1h5F+pea1r7FLSOz/f8vPEqbR2ZAknuRDvTQ8PzAilDveOxNjSfr0CHfIQfFk8g==",
        "dependencies": {
          "Microsoft.NETCore.Platforms": "1.1.0",
          "Microsoft.NETCore.Targets": "1.1.0",
          "System.Runtime": "4.3.0"
        }
      },
      "System.Text.Encoding": {
        "type": "Transitive",
        "resolved": "4.3.0",
        "contentHash": "BiIg+KWaSDOITze6jGQynxg64naAPtqGHBwDrLaCtixsa5bKiR8dpPOHA7ge3C0JJQizJE+sfkz1wV+BAKAYZw==",
        "dependencies": {
          "Microsoft.NETCore.Platforms": "1.1.0",
          "Microsoft.NETCore.Targets": "1.1.0",
          "System.Runtime": "4.3.0"
        }
      },
      "System.Text.Encodings.Web": {
        "type": "Transitive",
        "resolved": "4.7.2",
        "contentHash": "iTUgB/WtrZ1sWZs84F2hwyQhiRH6QNjQv2DkwrH+WP6RoFga2Q1m3f9/Q7FG8cck8AdHitQkmkXSY8qylcDmuA=="
      },
      "System.Text.Json": {
        "type": "Transitive",
        "resolved": "4.6.0",
        "contentHash": "4F8Xe+JIkVoDJ8hDAZ7HqLkjctN/6WItJIzQaifBwClC7wmoLSda/Sv2i6i1kycqDb3hWF4JCVbpAweyOKHEUA=="
      },
      "System.Threading": {
        "type": "Transitive",
        "resolved": "4.3.0",
        "contentHash": "VkUS0kOBcUf3Wwm0TSbrevDDZ6BlM+b/HRiapRFWjM5O0NS0LviG0glKmFK+hhPDd1XFeSdU1GmlLhb2CoVpIw==",
        "dependencies": {
          "System.Runtime": "4.3.0",
          "System.Threading.Tasks": "4.3.0"
        }
      },
      "System.Threading.Tasks": {
        "type": "Transitive",
        "resolved": "4.3.0",
        "contentHash": "LbSxKEdOUhVe8BezB/9uOGGppt+nZf6e1VFyw6v3DN6lqitm0OSn2uXMOdtP0M3W4iMcqcivm2J6UgqiwwnXiA==",
        "dependencies": {
          "Microsoft.NETCore.Platforms": "1.1.0",
          "Microsoft.NETCore.Targets": "1.1.0",
          "System.Runtime": "4.3.0"
        }
      },
      "System.Threading.Tasks.Dataflow": {
        "type": "Transitive",
        "resolved": "4.8.0",
        "contentHash": "PSIdcgbyNv7FZvZ1I9Mqy6XZOwstYYMdZiXuHvIyc0gDyPjEhrrP9OvTGDHp+LAHp1RNSLjPYssyqox9+Kt9Ug=="
      }
    },
    "net6.0": {
      "Microsoft.AspNetCore.Mvc.NewtonsoftJson": {
        "type": "Direct",
        "requested": "[6.0.0, )",
        "resolved": "6.0.0",
        "contentHash": "YMwSWgBuwkVn9k4/2wWxfwEbx8T5Utj13UH/zmUm5lbkKcY+tJyt9w9P4rY5pO1XtCitoh1+L+Feqz9qxG/CvA==",
        "dependencies": {
          "Microsoft.AspNetCore.JsonPatch": "6.0.0",
          "Newtonsoft.Json": "13.0.1",
          "Newtonsoft.Json.Bson": "1.0.2"
        }
      },
      "Microsoft.Azure.WebJobs": {
        "type": "Direct",
        "requested": "[3.0.37, )",
        "resolved": "3.0.37",
        "contentHash": "cB8ExO360UeFprY4GAuumLhg35krY56LriAAE8kNkckxFQlEIZwQ5lMsOFU0cRwUcvFajLMdALllKF2PgYJRkA==",
        "dependencies": {
          "Microsoft.Azure.WebJobs.Core": "3.0.37",
          "Microsoft.Extensions.Configuration": "2.1.1",
          "Microsoft.Extensions.Configuration.Abstractions": "2.1.1",
          "Microsoft.Extensions.Configuration.EnvironmentVariables": "2.1.0",
          "Microsoft.Extensions.Configuration.Json": "2.1.0",
          "Microsoft.Extensions.Hosting": "2.1.0",
          "Microsoft.Extensions.Logging": "2.1.1",
          "Microsoft.Extensions.Logging.Abstractions": "2.1.1",
          "Microsoft.Extensions.Logging.Configuration": "2.1.0",
          "Newtonsoft.Json": "13.0.1",
          "System.Memory.Data": "1.0.2",
          "System.Threading.Tasks.Dataflow": "4.8.0"
        }
      },
      "Microsoft.SourceLink.GitHub": {
        "type": "Direct",
        "requested": "[1.1.1, )",
        "resolved": "1.1.1",
        "contentHash": "IaJGnOv/M7UQjRJks7B6p7pbPnOwisYGOIzqCz5ilGFTApZ3ktOR+6zJ12ZRPInulBmdAf1SrGdDG2MU8g6XTw==",
        "dependencies": {
          "Microsoft.Build.Tasks.Git": "1.1.1",
          "Microsoft.SourceLink.Common": "1.1.1"
        }
      },
      "Microsoft.AspNetCore.JsonPatch": {
        "type": "Transitive",
        "resolved": "6.0.0",
        "contentHash": "SUiwg0XQ5NtmnELHXSdX4mAwawFnAOwSx2Zz6NIhQnEN1tZDoAWEHc8dS/S7y8cE52+9bHj+XbYZuLGF7OrQPA==",
        "dependencies": {
          "Microsoft.CSharp": "4.7.0",
          "Newtonsoft.Json": "13.0.1"
        }
      },
      "Microsoft.Azure.WebJobs.Core": {
        "type": "Transitive",
        "resolved": "3.0.37",
        "contentHash": "nKlnoQyKmC5HsUIWLXu3a9VYhLKAAriZQ8v3PLldWKjV1vIQMiHKGK68FbLjRtvZsxCnIYS44gLlQjuOua//dg==",
        "dependencies": {
          "System.ComponentModel.Annotations": "4.4.0",
          "System.Diagnostics.TraceSource": "4.3.0",
          "System.Memory.Data": "1.0.1"
        }
      },
      "Microsoft.Build.Tasks.Git": {
        "type": "Transitive",
        "resolved": "1.1.1",
        "contentHash": "AT3HlgTjsqHnWpBHSNeR0KxbLZD7bztlZVj7I8vgeYG9SYqbeFGh0TM/KVtC6fg53nrWHl3VfZFvb5BiQFcY6Q=="
      },
      "Microsoft.CSharp": {
        "type": "Transitive",
        "resolved": "4.7.0",
        "contentHash": "pTj+D3uJWyN3My70i2Hqo+OXixq3Os2D1nJ2x92FFo6sk8fYS1m1WLNTs0Dc1uPaViH0YvEEwvzddQ7y4rhXmA=="
      },
      "Microsoft.Extensions.Configuration": {
        "type": "Transitive",
        "resolved": "2.1.1",
        "contentHash": "LjVKO6P2y52c5ZhTLX/w8zc5H4Y3J/LJsgqTBj49TtFq/hAtVNue/WA0F6/7GMY90xhD7K0MDZ4qpOeWXbLvzg==",
        "dependencies": {
          "Microsoft.Extensions.Configuration.Abstractions": "2.1.1"
        }
      },
      "Microsoft.Extensions.Configuration.Abstractions": {
        "type": "Transitive",
        "resolved": "2.1.1",
        "contentHash": "VfuZJNa0WUshZ/+8BFZAhwFKiKuu/qOUCFntfdLpHj7vcRnsGHqd3G2Hse78DM+pgozczGM63lGPRLmy+uhUOA==",
        "dependencies": {
          "Microsoft.Extensions.Primitives": "2.1.1"
        }
      },
      "Microsoft.Extensions.Configuration.Binder": {
        "type": "Transitive",
        "resolved": "2.1.1",
        "contentHash": "fcLCTS03poWE4v9tSNBr3pWn0QwGgAn1vzqHXlXgvqZeOc7LvQNzaWcKRQZTdEc3+YhQKwMsOtm3VKSA2aWQ8w==",
        "dependencies": {
          "Microsoft.Extensions.Configuration": "2.1.1"
        }
      },
      "Microsoft.Extensions.Configuration.EnvironmentVariables": {
        "type": "Transitive",
        "resolved": "2.1.0",
        "contentHash": "fZIoU1kxy9zu4KjjabcA79jws6Fk1xmub/VQMrClVqRXZrWt9lYmyjJjw7x0KZtl+Y1hs8qDDaFDrpR1Mso6Wg==",
        "dependencies": {
          "Microsoft.Extensions.Configuration": "2.1.0"
        }
      },
      "Microsoft.Extensions.Configuration.FileExtensions": {
        "type": "Transitive",
        "resolved": "2.1.0",
        "contentHash": "xvbjRAIo2Iwxk7vsMg49RwXPOOm5rtvr0frArvlg1uviS60ouVkOLouCNvOv/eRgWYINPbHAU9p//zEjit38Og==",
        "dependencies": {
          "Microsoft.Extensions.Configuration": "2.1.0",
          "Microsoft.Extensions.FileProviders.Physical": "2.1.0"
        }
      },
      "Microsoft.Extensions.Configuration.Json": {
        "type": "Transitive",
        "resolved": "2.1.0",
        "contentHash": "9OCdAv7qiRtRlXQnECxW9zINUK8bYPKbNp5x8FQaLZbm/flv7mPvo1muZ1nsKGMZF4uL4Bl6nHw2v1fi3MqQ1Q==",
        "dependencies": {
          "Microsoft.Extensions.Configuration": "2.1.0",
          "Microsoft.Extensions.Configuration.FileExtensions": "2.1.0",
          "Newtonsoft.Json": "11.0.2"
        }
      },
      "Microsoft.Extensions.DependencyInjection": {
        "type": "Transitive",
        "resolved": "2.1.0",
        "contentHash": "gqQviLfuA31PheEGi+XJoZc1bc9H9RsPa9Gq9XuDct7XGWSR9eVXjK5Sg7CSUPhTFHSuxUFY12wcTYLZ4zM1hg==",
        "dependencies": {
          "Microsoft.Extensions.DependencyInjection.Abstractions": "2.1.0"
        }
      },
      "Microsoft.Extensions.DependencyInjection.Abstractions": {
        "type": "Transitive",
        "resolved": "2.1.1",
        "contentHash": "MgYpU5cwZohUMKKg3sbPhvGG+eAZ/59E9UwPwlrUkyXU+PGzqwZg9yyQNjhxuAWmoNoFReoemeCku50prYSGzA=="
      },
      "Microsoft.Extensions.FileProviders.Abstractions": {
        "type": "Transitive",
        "resolved": "2.1.0",
        "contentHash": "itv+7XBu58pxi8mykxx9cUO1OOVYe0jmQIZVSZVp5lOcLxB7sSV2bnHiI1RSu6Nxne/s6+oBla3ON5CCMSmwhQ==",
        "dependencies": {
          "Microsoft.Extensions.Primitives": "2.1.0"
        }
      },
      "Microsoft.Extensions.FileProviders.Physical": {
        "type": "Transitive",
        "resolved": "2.1.0",
        "contentHash": "A9xLomqD4tNFqDfleapx2C14ZcSjCTzn/4Od0W/wBYdlLF2tYDJ204e75HjpWDVTkr03kgdZbM3QZ6ZeDsrBYg==",
        "dependencies": {
          "Microsoft.Extensions.FileProviders.Abstractions": "2.1.0",
          "Microsoft.Extensions.FileSystemGlobbing": "2.1.0"
        }
      },
      "Microsoft.Extensions.FileSystemGlobbing": {
        "type": "Transitive",
        "resolved": "2.1.0",
        "contentHash": "JEwwhwbVTEXJu4W4l/FFx7FG9Fh5R8999mZl6qJImjM/LY4DxQsFYzpSkziMdY022n7TQpNUxJlH9bKZc7TqWw=="
      },
      "Microsoft.Extensions.Hosting": {
        "type": "Transitive",
        "resolved": "2.1.0",
        "contentHash": "nqOrLtBqpwRT006vdQ2Vp87uiuYztiZcZAndFqH91ZH4SQgr8wImCVQwzUgTxx1DSrpIW765+xrZTZqsoGtvqg==",
        "dependencies": {
          "Microsoft.Extensions.Configuration": "2.1.0",
          "Microsoft.Extensions.DependencyInjection": "2.1.0",
          "Microsoft.Extensions.FileProviders.Physical": "2.1.0",
          "Microsoft.Extensions.Hosting.Abstractions": "2.1.0",
          "Microsoft.Extensions.Logging": "2.1.0"
        }
      },
      "Microsoft.Extensions.Hosting.Abstractions": {
        "type": "Transitive",
        "resolved": "2.1.0",
        "contentHash": "BpMaoBxdXr5VD0yk7rYN6R8lAU9X9JbvsPveNdKT+llIn3J5s4sxpWqaSG/NnzTzTLU5eJE5nrecTl7clg/7dQ==",
        "dependencies": {
          "Microsoft.Extensions.Configuration.Abstractions": "2.1.0",
          "Microsoft.Extensions.DependencyInjection.Abstractions": "2.1.0",
          "Microsoft.Extensions.FileProviders.Abstractions": "2.1.0",
          "Microsoft.Extensions.Logging.Abstractions": "2.1.0"
        }
      },
      "Microsoft.Extensions.Logging": {
        "type": "Transitive",
        "resolved": "2.1.1",
        "contentHash": "hh+mkOAQDTp6XH80xJt3+wwYVzkbwYQl9XZRCz4Um0JjP/o7N9vHM3rZ6wwwtr+BBe/L6iBO2sz0px6OWBzqZQ==",
        "dependencies": {
          "Microsoft.Extensions.Configuration.Binder": "2.1.1",
          "Microsoft.Extensions.DependencyInjection.Abstractions": "2.1.1",
          "Microsoft.Extensions.Logging.Abstractions": "2.1.1",
          "Microsoft.Extensions.Options": "2.1.1"
        }
      },
      "Microsoft.Extensions.Logging.Abstractions": {
        "type": "Transitive",
        "resolved": "2.1.1",
        "contentHash": "XRzK7ZF+O6FzdfWrlFTi1Rgj2080ZDsd46vzOjadHUB0Cz5kOvDG8vI7caa5YFrsHQpcfn0DxtjS4E46N4FZsA=="
      },
      "Microsoft.Extensions.Logging.Configuration": {
        "type": "Transitive",
        "resolved": "2.1.0",
        "contentHash": "nMAcTACzW37zc3f7n5fIYsRDXtjjQA2U/kiE4xmuSLn7coCIeDfFTpUhJ+wG/3vwb5f1lFWNpyXGyQdlUCIXUw==",
        "dependencies": {
          "Microsoft.Extensions.Logging": "2.1.0",
          "Microsoft.Extensions.Options.ConfigurationExtensions": "2.1.0"
        }
      },
      "Microsoft.Extensions.Options": {
        "type": "Transitive",
        "resolved": "2.1.1",
        "contentHash": "V7lXCU78lAbzaulCGFKojcCyG8RTJicEbiBkPJjFqiqXwndEBBIehdXRMWEVU3UtzQ1yDvphiWUL9th6/4gJ7w==",
        "dependencies": {
          "Microsoft.Extensions.DependencyInjection.Abstractions": "2.1.1",
          "Microsoft.Extensions.Primitives": "2.1.1"
        }
      },
      "Microsoft.Extensions.Options.ConfigurationExtensions": {
        "type": "Transitive",
        "resolved": "2.1.0",
        "contentHash": "w/MP147fSqlIcCymaNpLbjdJsFVkSJM9Sz+jbWMr1gKMDVxoOS8AuFjJkVyKU/eydYxHIR/K1Hn3wisJBW5gSg==",
        "dependencies": {
          "Microsoft.Extensions.Configuration.Abstractions": "2.1.0",
          "Microsoft.Extensions.Configuration.Binder": "2.1.0",
          "Microsoft.Extensions.DependencyInjection.Abstractions": "2.1.0",
          "Microsoft.Extensions.Options": "2.1.0"
        }
      },
      "Microsoft.Extensions.Primitives": {
        "type": "Transitive",
        "resolved": "2.1.1",
        "contentHash": "scJ1GZNIxMmjpENh0UZ8XCQ6vzr/LzeF9WvEA51Ix2OQGAs9WPgPu8ABVUdvpKPLuor/t05gm6menJK3PwqOXg==",
        "dependencies": {
          "System.Memory": "4.5.1",
          "System.Runtime.CompilerServices.Unsafe": "4.5.1"
        }
      },
      "Microsoft.NETCore.Platforms": {
        "type": "Transitive",
        "resolved": "1.1.0",
        "contentHash": "kz0PEW2lhqygehI/d6XsPCQzD7ff7gUJaVGPVETX611eadGsA3A877GdSlU0LRVMCTH/+P3o2iDTak+S08V2+A=="
      },
      "Microsoft.NETCore.Targets": {
        "type": "Transitive",
        "resolved": "1.1.0",
        "contentHash": "aOZA3BWfz9RXjpzt0sRJJMjAscAUm3Hoa4UWAfceV9UTYxgwZ1lZt5nO2myFf+/jetYQo4uTP7zS8sJY67BBxg=="
      },
      "Microsoft.SourceLink.Common": {
        "type": "Transitive",
        "resolved": "1.1.1",
        "contentHash": "WMcGpWKrmJmzrNeuaEb23bEMnbtR/vLmvZtkAP5qWu7vQsY59GqfRJd65sFpBszbd2k/bQ8cs8eWawQKAabkVg=="
      },
      "Newtonsoft.Json": {
        "type": "Transitive",
        "resolved": "13.0.1",
        "contentHash": "ppPFpBcvxdsfUonNcvITKqLl3bqxWbDCZIzDWHzjpdAHRFfZe0Dw9HmA0+za13IdyrgJwpkDTDA9fHaxOrt20A=="
      },
      "Newtonsoft.Json.Bson": {
        "type": "Transitive",
        "resolved": "1.0.2",
        "contentHash": "QYFyxhaABwmq3p/21VrZNYvCg3DaEoN/wUuw5nmfAf0X3HLjgupwhkEWdgfb9nvGAUIv3osmZoD3kKl4jxEmYQ==",
        "dependencies": {
          "Newtonsoft.Json": "12.0.1"
        }
      },
      "runtime.native.System": {
        "type": "Transitive",
        "resolved": "4.3.0",
        "contentHash": "c/qWt2LieNZIj1jGnVNsE2Kl23Ya2aSTBuXMD6V7k9KWr6l16Tqdwq+hJScEpWER9753NWC8h96PaVNY5Ld7Jw==",
        "dependencies": {
          "Microsoft.NETCore.Platforms": "1.1.0",
          "Microsoft.NETCore.Targets": "1.1.0"
        }
      },
      "System.Collections": {
        "type": "Transitive",
        "resolved": "4.3.0",
        "contentHash": "3Dcj85/TBdVpL5Zr+gEEBUuFe2icOnLalmEh9hfck1PTYbbyWuZgh4fmm2ysCLTrqLQw6t3TgTyJ+VLp+Qb+Lw==",
        "dependencies": {
          "Microsoft.NETCore.Platforms": "1.1.0",
          "Microsoft.NETCore.Targets": "1.1.0",
          "System.Runtime": "4.3.0"
        }
      },
      "System.ComponentModel.Annotations": {
        "type": "Transitive",
        "resolved": "4.4.0",
        "contentHash": "29K3DQ+IGU7LBaMjTo7SI7T7X/tsMtLvz1p56LJ556Iu0Dw3pKZw5g8yCYCWMRxrOF0Hr0FU0FwW0o42y2sb3A=="
      },
      "System.Diagnostics.Debug": {
        "type": "Transitive",
        "resolved": "4.3.0",
        "contentHash": "ZUhUOdqmaG5Jk3Xdb8xi5kIyQYAA4PnTNlHx1mu9ZY3qv4ELIdKbnL/akbGaKi2RnNUWaZsAs31rvzFdewTj2g==",
        "dependencies": {
          "Microsoft.NETCore.Platforms": "1.1.0",
          "Microsoft.NETCore.Targets": "1.1.0",
          "System.Runtime": "4.3.0"
        }
      },
      "System.Diagnostics.TraceSource": {
        "type": "Transitive",
        "resolved": "4.3.0",
        "contentHash": "VnYp1NxGx8Ww731y2LJ1vpfb/DKVNKEZ8Jsh5SgQTZREL/YpWRArgh9pI8CDLmgHspZmLL697CaLvH85qQpRiw==",
        "dependencies": {
          "Microsoft.NETCore.Platforms": "1.1.0",
          "System.Collections": "4.3.0",
          "System.Diagnostics.Debug": "4.3.0",
          "System.Globalization": "4.3.0",
          "System.Resources.ResourceManager": "4.3.0",
          "System.Runtime": "4.3.0",
          "System.Runtime.Extensions": "4.3.0",
          "System.Threading": "4.3.0",
          "runtime.native.System": "4.3.0"
        }
      },
      "System.Globalization": {
        "type": "Transitive",
        "resolved": "4.3.0",
        "contentHash": "kYdVd2f2PAdFGblzFswE4hkNANJBKRmsfa2X5LG2AcWE1c7/4t0pYae1L8vfZ5xvE2nK/R9JprtToA61OSHWIg==",
        "dependencies": {
          "Microsoft.NETCore.Platforms": "1.1.0",
          "Microsoft.NETCore.Targets": "1.1.0",
          "System.Runtime": "4.3.0"
        }
      },
      "System.IO": {
        "type": "Transitive",
        "resolved": "4.3.0",
        "contentHash": "3qjaHvxQPDpSOYICjUoTsmoq5u6QJAFRUITgeT/4gqkF1bajbSmb1kwSxEA8AHlofqgcKJcM8udgieRNhaJ5Cg==",
        "dependencies": {
          "Microsoft.NETCore.Platforms": "1.1.0",
          "Microsoft.NETCore.Targets": "1.1.0",
          "System.Runtime": "4.3.0",
          "System.Text.Encoding": "4.3.0",
          "System.Threading.Tasks": "4.3.0"
        }
      },
      "System.Memory": {
        "type": "Transitive",
        "resolved": "4.5.1",
        "contentHash": "sDJYJpGtTgx+23Ayu5euxG5mAXWdkDb4+b0rD0Cab0M1oQS9H0HXGPriKcqpXuiJDTV7fTp/d+fMDJmnr6sNvA=="
      },
      "System.Memory.Data": {
        "type": "Transitive",
        "resolved": "1.0.2",
        "contentHash": "JGkzeqgBsiZwKJZ1IxPNsDFZDhUvuEdX8L8BDC8N3KOj+6zMcNU28CNN59TpZE/VJYy9cP+5M+sbxtWJx3/xtw==",
        "dependencies": {
          "System.Text.Encodings.Web": "4.7.2",
          "System.Text.Json": "4.6.0"
        }
      },
      "System.Reflection": {
        "type": "Transitive",
        "resolved": "4.3.0",
        "contentHash": "KMiAFoW7MfJGa9nDFNcfu+FpEdiHpWgTcS2HdMpDvt9saK3y/G4GwprPyzqjFH9NTaGPQeWNHU+iDlDILj96aQ==",
        "dependencies": {
          "Microsoft.NETCore.Platforms": "1.1.0",
          "Microsoft.NETCore.Targets": "1.1.0",
          "System.IO": "4.3.0",
          "System.Reflection.Primitives": "4.3.0",
          "System.Runtime": "4.3.0"
        }
      },
      "System.Reflection.Primitives": {
        "type": "Transitive",
        "resolved": "4.3.0",
        "contentHash": "5RXItQz5As4xN2/YUDxdpsEkMhvw3e6aNveFXUn4Hl/udNTCNhnKp8lT9fnc3MhvGKh1baak5CovpuQUXHAlIA==",
        "dependencies": {
          "Microsoft.NETCore.Platforms": "1.1.0",
          "Microsoft.NETCore.Targets": "1.1.0",
          "System.Runtime": "4.3.0"
        }
      },
      "System.Resources.ResourceManager": {
        "type": "Transitive",
        "resolved": "4.3.0",
        "contentHash": "/zrcPkkWdZmI4F92gL/TPumP98AVDu/Wxr3CSJGQQ+XN6wbRZcyfSKVoPo17ilb3iOr0cCRqJInGwNMolqhS8A==",
        "dependencies": {
          "Microsoft.NETCore.Platforms": "1.1.0",
          "Microsoft.NETCore.Targets": "1.1.0",
          "System.Globalization": "4.3.0",
          "System.Reflection": "4.3.0",
          "System.Runtime": "4.3.0"
        }
      },
      "System.Runtime": {
        "type": "Transitive",
        "resolved": "4.3.0",
        "contentHash": "JufQi0vPQ0xGnAczR13AUFglDyVYt4Kqnz1AZaiKZ5+GICq0/1MH/mO/eAJHt/mHW1zjKBJd7kV26SrxddAhiw==",
        "dependencies": {
          "Microsoft.NETCore.Platforms": "1.1.0",
          "Microsoft.NETCore.Targets": "1.1.0"
        }
      },
      "System.Runtime.CompilerServices.Unsafe": {
        "type": "Transitive",
        "resolved": "4.5.1",
        "contentHash": "Zh8t8oqolRaFa9vmOZfdQm/qKejdqz0J9kr7o2Fu0vPeoH3BL1EOXipKWwkWtLT1JPzjByrF19fGuFlNbmPpiw=="
      },
      "System.Runtime.Extensions": {
        "type": "Transitive",
        "resolved": "4.3.0",
        "contentHash": "guW0uK0fn5fcJJ1tJVXYd7/1h5F+pea1r7FLSOz/f8vPEqbR2ZAknuRDvTQ8PzAilDveOxNjSfr0CHfIQfFk8g==",
        "dependencies": {
          "Microsoft.NETCore.Platforms": "1.1.0",
          "Microsoft.NETCore.Targets": "1.1.0",
          "System.Runtime": "4.3.0"
        }
      },
      "System.Text.Encoding": {
        "type": "Transitive",
        "resolved": "4.3.0",
        "contentHash": "BiIg+KWaSDOITze6jGQynxg64naAPtqGHBwDrLaCtixsa5bKiR8dpPOHA7ge3C0JJQizJE+sfkz1wV+BAKAYZw==",
        "dependencies": {
          "Microsoft.NETCore.Platforms": "1.1.0",
          "Microsoft.NETCore.Targets": "1.1.0",
          "System.Runtime": "4.3.0"
        }
      },
      "System.Text.Encodings.Web": {
        "type": "Transitive",
        "resolved": "4.7.2",
        "contentHash": "iTUgB/WtrZ1sWZs84F2hwyQhiRH6QNjQv2DkwrH+WP6RoFga2Q1m3f9/Q7FG8cck8AdHitQkmkXSY8qylcDmuA=="
      },
      "System.Text.Json": {
        "type": "Transitive",
        "resolved": "4.6.0",
        "contentHash": "4F8Xe+JIkVoDJ8hDAZ7HqLkjctN/6WItJIzQaifBwClC7wmoLSda/Sv2i6i1kycqDb3hWF4JCVbpAweyOKHEUA=="
      },
      "System.Threading": {
        "type": "Transitive",
        "resolved": "4.3.0",
        "contentHash": "VkUS0kOBcUf3Wwm0TSbrevDDZ6BlM+b/HRiapRFWjM5O0NS0LviG0glKmFK+hhPDd1XFeSdU1GmlLhb2CoVpIw==",
        "dependencies": {
          "System.Runtime": "4.3.0",
          "System.Threading.Tasks": "4.3.0"
        }
      },
      "System.Threading.Tasks": {
        "type": "Transitive",
        "resolved": "4.3.0",
        "contentHash": "LbSxKEdOUhVe8BezB/9uOGGppt+nZf6e1VFyw6v3DN6lqitm0OSn2uXMOdtP0M3W4iMcqcivm2J6UgqiwwnXiA==",
        "dependencies": {
          "Microsoft.NETCore.Platforms": "1.1.0",
          "Microsoft.NETCore.Targets": "1.1.0",
          "System.Runtime": "4.3.0"
        }
      },
      "System.Threading.Tasks.Dataflow": {
        "type": "Transitive",
        "resolved": "4.8.0",
        "contentHash": "PSIdcgbyNv7FZvZ1I9Mqy6XZOwstYYMdZiXuHvIyc0gDyPjEhrrP9OvTGDHp+LAHp1RNSLjPYssyqox9+Kt9Ug=="
      }
    }
  }
}